
Microsoft Visual Studio Solution File, Format Version 12.00
# Visual Studio 15
VisualStudioVersion = 15.0.27703.2042
MinimumVisualStudioVersion = 10.0.40219.1
Project("{9A19103F-16F7-4668-BE54-9A1E7A4F7556}") = "NotesAPI", "NotesAPI\NotesAPI.csproj", "{F19F6781-56E2-4D01-B8FE-B0699BC48A20}"
EndProject
Project("{FAE04EC0-301F-11D3-BF4B-00C04F79EFBC}") = "NotesAPI.Tests", "NotesAPI.Tests\NotesAPI.Tests.csproj", "{D7F76DA0-C191-4237-84B7-ED4FE06A60E8}"
EndProject
Global
	GlobalSection(SolutionConfigurationPlatforms) = preSolution
		Debug|Any CPU = Debug|Any CPU
		Release|Any CPU = Release|Any CPU
	EndGlobalSection
	GlobalSection(ProjectConfigurationPlatforms) = postSolution
		{F19F6781-56E2-4D01-B8FE-B0699BC48A20}.Debug|Any CPU.ActiveCfg = Debug|Any CPU
		{F19F6781-56E2-4D01-B8FE-B0699BC48A20}.Debug|Any CPU.Build.0 = Debug|Any CPU
		{F19F6781-56E2-4D01-B8FE-B0699BC48A20}.Release|Any CPU.ActiveCfg = Release|Any CPU
		{F19F6781-56E2-4D01-B8FE-B0699BC48A20}.Release|Any CPU.Build.0 = Release|Any CPU
		{D7F76DA0-C191-4237-84B7-ED4FE06A60E8}.Debug|Any CPU.ActiveCfg = Debug|Any CPU
		{D7F76DA0-C191-4237-84B7-ED4FE06A60E8}.Debug|Any CPU.Build.0 = Debug|Any CPU
		{D7F76DA0-C191-4237-84B7-ED4FE06A60E8}.Release|Any CPU.ActiveCfg = Release|Any CPU
		{D7F76DA0-C191-4237-84B7-ED4FE06A60E8}.Release|Any CPU.Build.0 = Release|Any CPU
	EndGlobalSection
	GlobalSection(SolutionProperties) = preSolution
		HideSolutionNode = FALSE
	EndGlobalSection
	GlobalSection(ExtensibilityGlobals) = postSolution
		SolutionGuid = {076F6050-BF2B-43F0-8F7F-B9957DA35747}
	EndGlobalSection
EndGlobal
